
Microsoft Visual Studio Solution File, Format Version 12.00
# Visual Studio 14
VisualStudioVersion = 14.0.25123.0
MinimumVisualStudioVersion = 10.0.40219.1
Project("{8BC9CEB8-8B4A-11D0-8D11-00A0C91BC942}") = "UThread", "UThread\UThread.vcxproj", "{2650CA3C-1DDE-4D98-96D6-927B382F409A}"
EndProject
Project("{8BC9CEB8-8B4A-11D0-8D11-00A0C91BC942}") = "USynch", "USynch\USynch.vcxproj", "{95B5813F-910D-4159-B3D8-2E8B83F6A1F1}"
EndProject
Project("{2150E333-8FDC-42A3-9474-1A3956D46DE8}") = "Tests", "Tests", "{B9296F9D-9BCC-459F-9E98-8EFA10357D5D}"
EndProject
Project("{8BC9CEB8-8B4A-11D0-8D11-00A0C91BC942}") = "SimpleTest", "SimpleTest\SimpleTest.vcxproj", "{4111D8D1-7501-489A-AD21-68701773EBD9}"
EndProject
Project("{8BC9CEB8-8B4A-11D0-8D11-00A0C91BC942}") = "SyncTest1", "SyncTest1\SyncTest1.vcxproj", "{BB7B8B60-B5A6-457A-BE09-3FEF67BABDF9}"
EndProject
Project("{8BC9CEB8-8B4A-11D0-8D11-00A0C91BC942}") = "SyncTest2", "SyncTest2\SyncTest2.vcxproj", "{0705AA75-2F87-470A-A430-E51A90C728FC}"
EndProject
Project("{8BC9CEB8-8B4A-11D0-8D11-00A0C91BC942}") = "SyncTest3", "SyncTest3\SyncTest3.vcxproj", "{5A47B26E-C515-432E-B7F1-C99AC5CC35B9}"
EndProject
Project("{8BC9CEB8-8B4A-11D0-8D11-00A0C91BC942}") = "SyncTest4", "SyncTest4\SyncTest4.vcxproj", "{08C12C90-4788-4CD9-B22F-81029E57C1CF}"
EndProject
Project("{8BC9CEB8-8B4A-11D0-8D11-00A0C91BC942}") = "SyncTest5", "SyncTest5\SyncTest5.vcxproj", "{3A3FEE4D-2B88-45E9-BB14-FBBFEDE37B8F}"
EndProject
Project("{8BC9CEB8-8B4A-11D0-8D11-00A0C91BC942}") = "SyncTest4_1", "SyncTest4_1\SyncTest4_1.vcxproj", "{21D8271B-5A0B-47F9-8691-6303B45798C5}"
EndProject
Project("{8BC9CEB8-8B4A-11D0-8D11-00A0C91BC942}") = "se2_1d", "se2_1d\se2_1d.vcxproj", "{71FAB458-528A-44B3-B088-45DA59D8A387}"
EndProject
Project("{8BC9CEB8-8B4A-11D0-8D11-00A0C91BC942}") = "se2_1a", "se2_1a\se2_1a.vcxproj", "{63F41584-182D-4E43-B449-2C1AA7436623}"
EndProject
Project("{8BC9CEB8-8B4A-11D0-8D11-00A0C91BC942}") = "se2_1b", "se2_1b\se2_1b.vcxproj", "{BDF0087A-173A-44A6-B50F-4F74229713EE}"
EndProject
Project("{8BC9CEB8-8B4A-11D0-8D11-00A0C91BC942}") = "se2_1c", "se2_1c\se2_1c.vcxproj", "{92908BCC-83E0-4F26-A5F8-7FB2C0804F41}"
EndProject
Project("{8BC9CEB8-8B4A-11D0-8D11-00A0C91BC942}") = "se2_2a", "se2_2a\se2_2a.vcxproj", "{2B30B6E0-7782-4233-98EE-ED34EA88EF3E}"
EndProject
Project("{8BC9CEB8-8B4A-11D0-8D11-00A0C91BC942}") = "se2_2b", "se2_2b\se2_2b.vcxproj", "{FD14F07B-8A07-4924-83FF-F8144B3BB875}"
EndProject
Global
	GlobalSection(SolutionConfigurationPlatforms) = preSolution
		Debug|Mixed Platforms = Debug|Mixed Platforms
		Debug|Win32 = Debug|Win32
		Debug|x64 = Debug|x64
		Debug|x86 = Debug|x86
		Release|Mixed Platforms = Release|Mixed Platforms
		Release|Win32 = Release|Win32
		Release|x64 = Release|x64
		Release|x86 = Release|x86
	EndGlobalSection
	GlobalSection(ProjectConfigurationPlatforms) = postSolution
		{2650CA3C-1DDE-4D98-96D6-927B382F409A}.Debug|Mixed Platforms.ActiveCfg = Debug|Win32
		{2650CA3C-1DDE-4D98-96D6-927B382F409A}.Debug|Mixed Platforms.Build.0 = Debug|Win32
		{2650CA3C-1DDE-4D98-96D6-927B382F409A}.Debug|Win32.ActiveCfg = Debug|Win32
		{2650CA3C-1DDE-4D98-96D6-927B382F409A}.Debug|Win32.Build.0 = Debug|Win32
		{2650CA3C-1DDE-4D98-96D6-927B382F409A}.Debug|x64.ActiveCfg = Debug|x64
		{2650CA3C-1DDE-4D98-96D6-927B382F409A}.Debug|x64.Build.0 = Debug|x64
		{2650CA3C-1DDE-4D98-96D6-927B382F409A}.Debug|x86.ActiveCfg = Debug|Win32
		{2650CA3C-1DDE-4D98-96D6-927B382F409A}.Release|Mixed Platforms.ActiveCfg = Release|Win32
		{2650CA3C-1DDE-4D98-96D6-927B382F409A}.Release|Mixed Platforms.Build.0 = Release|Win32
		{2650CA3C-1DDE-4D98-96D6-927B382F409A}.Release|Win32.ActiveCfg = Release|Win32
		{2650CA3C-1DDE-4D98-96D6-927B382F409A}.Release|Win32.Build.0 = Release|Win32
		{2650CA3C-1DDE-4D98-96D6-927B382F409A}.Release|x64.ActiveCfg = Release|x64
		{2650CA3C-1DDE-4D98-96D6-927B382F409A}.Release|x64.Build.0 = Release|x64
		{2650CA3C-1DDE-4D98-96D6-927B382F409A}.Release|x86.ActiveCfg = Release|Win32
		{95B5813F-910D-4159-B3D8-2E8B83F6A1F1}.Debug|Mixed Platforms.ActiveCfg = Debug|Win32
		{95B5813F-910D-4159-B3D8-2E8B83F6A1F1}.Debug|Mixed Platforms.Build.0 = Debug|Win32
		{95B5813F-910D-4159-B3D8-2E8B83F6A1F1}.Debug|Win32.ActiveCfg = Debug|Win32
		{95B5813F-910D-4159-B3D8-2E8B83F6A1F1}.Debug|Win32.Build.0 = Debug|Win32
		{95B5813F-910D-4159-B3D8-2E8B83F6A1F1}.Debug|x64.ActiveCfg = Debug|x64
		{95B5813F-910D-4159-B3D8-2E8B83F6A1F1}.Debug|x64.Build.0 = Debug|x64
		{95B5813F-910D-4159-B3D8-2E8B83F6A1F1}.Debug|x86.ActiveCfg = Debug|Win32
		{95B5813F-910D-4159-B3D8-2E8B83F6A1F1}.Release|Mixed Platforms.ActiveCfg = Release|Win32
		{95B5813F-910D-4159-B3D8-2E8B83F6A1F1}.Release|Mixed Platforms.Build.0 = Release|Win32
		{95B5813F-910D-4159-B3D8-2E8B83F6A1F1}.Release|Win32.ActiveCfg = Release|Win32
		{95B5813F-910D-4159-B3D8-2E8B83F6A1F1}.Release|Win32.Build.0 = Release|Win32
		{95B5813F-910D-4159-B3D8-2E8B83F6A1F1}.Release|x64.ActiveCfg = Release|x64
		{95B5813F-910D-4159-B3D8-2E8B83F6A1F1}.Release|x64.Build.0 = Release|x64
		{95B5813F-910D-4159-B3D8-2E8B83F6A1F1}.Release|x86.ActiveCfg = Release|Win32
		{4111D8D1-7501-489A-AD21-68701773EBD9}.Debug|Mixed Platforms.ActiveCfg = Debug|Win32
		{4111D8D1-7501-489A-AD21-68701773EBD9}.Debug|Mixed Platforms.Build.0 = Debug|Win32
		{4111D8D1-7501-489A-AD21-68701773EBD9}.Debug|Win32.ActiveCfg = Debug|Win32
		{4111D8D1-7501-489A-AD21-68701773EBD9}.Debug|Win32.Build.0 = Debug|Win32
		{4111D8D1-7501-489A-AD21-68701773EBD9}.Debug|x64.ActiveCfg = Debug|x64
		{4111D8D1-7501-489A-AD21-68701773EBD9}.Debug|x64.Build.0 = Debug|x64
		{4111D8D1-7501-489A-AD21-68701773EBD9}.Debug|x86.ActiveCfg = Debug|x64
		{4111D8D1-7501-489A-AD21-68701773EBD9}.Release|Mixed Platforms.ActiveCfg = Release|x64
		{4111D8D1-7501-489A-AD21-68701773EBD9}.Release|Mixed Platforms.Build.0 = Release|x64
		{4111D8D1-7501-489A-AD21-68701773EBD9}.Release|Win32.ActiveCfg = Release|Win32
		{4111D8D1-7501-489A-AD21-68701773EBD9}.Release|Win32.Build.0 = Release|Win32
		{4111D8D1-7501-489A-AD21-68701773EBD9}.Release|x64.ActiveCfg = Release|x64
		{4111D8D1-7501-489A-AD21-68701773EBD9}.Release|x64.Build.0 = Release|x64
		{4111D8D1-7501-489A-AD21-68701773EBD9}.Release|x86.ActiveCfg = Release|x64
		{BB7B8B60-B5A6-457A-BE09-3FEF67BABDF9}.Debug|Mixed Platforms.ActiveCfg = Debug|Win32
		{BB7B8B60-B5A6-457A-BE09-3FEF67BABDF9}.Debug|Mixed Platforms.Build.0 = Debug|Win32
		{BB7B8B60-B5A6-457A-BE09-3FEF67BABDF9}.Debug|Win32.ActiveCfg = Debug|Win32
		{BB7B8B60-B5A6-457A-BE09-3FEF67BABDF9}.Debug|Win32.Build.0 = Debug|Win32
		{BB7B8B60-B5A6-457A-BE09-3FEF67BABDF9}.Debug|x64.ActiveCfg = Debug|Win32
		{BB7B8B60-B5A6-457A-BE09-3FEF67BABDF9}.Debug|x86.ActiveCfg = Debug|Win32
		{BB7B8B60-B5A6-457A-BE09-3FEF67BABDF9}.Release|Mixed Platforms.ActiveCfg = Release|Win32
		{BB7B8B60-B5A6-457A-BE09-3FEF67BABDF9}.Release|Mixed Platforms.Build.0 = Release|Win32
		{BB7B8B60-B5A6-457A-BE09-3FEF67BABDF9}.Release|Win32.ActiveCfg = Release|Win32
		{BB7B8B60-B5A6-457A-BE09-3FEF67BABDF9}.Release|Win32.Build.0 = Release|Win32
		{BB7B8B60-B5A6-457A-BE09-3FEF67BABDF9}.Release|x64.ActiveCfg = Release|Win32
		{BB7B8B60-B5A6-457A-BE09-3FEF67BABDF9}.Release|x86.ActiveCfg = Release|Win32
		{0705AA75-2F87-470A-A430-E51A90C728FC}.Debug|Mixed Platforms.ActiveCfg = Debug|Win32
		{0705AA75-2F87-470A-A430-E51A90C728FC}.Debug|Mixed Platforms.Build.0 = Debug|Win32
		{0705AA75-2F87-470A-A430-E51A90C728FC}.Debug|Win32.ActiveCfg = Debug|Win32
		{0705AA75-2F87-470A-A430-E51A90C728FC}.Debug|Win32.Build.0 = Debug|Win32
		{0705AA75-2F87-470A-A430-E51A90C728FC}.Debug|x64.ActiveCfg = Debug|Win32
		{0705AA75-2F87-470A-A430-E51A90C728FC}.Debug|x86.ActiveCfg = Debug|Win32
		{0705AA75-2F87-470A-A430-E51A90C728FC}.Release|Mixed Platforms.ActiveCfg = Release|Win32
		{0705AA75-2F87-470A-A430-E51A90C728FC}.Release|Mixed Platforms.Build.0 = Release|Win32
		{0705AA75-2F87-470A-A430-E51A90C728FC}.Release|Win32.ActiveCfg = Release|Win32
		{0705AA75-2F87-470A-A430-E51A90C728FC}.Release|Win32.Build.0 = Release|Win32
		{0705AA75-2F87-470A-A430-E51A90C728FC}.Release|x64.ActiveCfg = Release|Win32
		{0705AA75-2F87-470A-A430-E51A90C728FC}.Release|x86.ActiveCfg = Release|Win32
		{5A47B26E-C515-432E-B7F1-C99AC5CC35B9}.Debug|Mixed Platforms.ActiveCfg = Debug|Win32
		{5A47B26E-C515-432E-B7F1-C99AC5CC35B9}.Debug|Mixed Platforms.Build.0 = Debug|Win32
		{5A47B26E-C515-432E-B7F1-C99AC5CC35B9}.Debug|Win32.ActiveCfg = Debug|Win32
		{5A47B26E-C515-432E-B7F1-C99AC5CC35B9}.Debug|Win32.Build.0 = Debug|Win32
		{5A47B26E-C515-432E-B7F1-C99AC5CC35B9}.Debug|x64.ActiveCfg = Debug|Win32
		{5A47B26E-C515-432E-B7F1-C99AC5CC35B9}.Debug|x86.ActiveCfg = Debug|Win32
		{5A47B26E-C515-432E-B7F1-C99AC5CC35B9}.Release|Mixed Platforms.ActiveCfg = Release|Win32
		{5A47B26E-C515-432E-B7F1-C99AC5CC35B9}.Release|Mixed Platforms.Build.0 = Release|Win32
		{5A47B26E-C515-432E-B7F1-C99AC5CC35B9}.Release|Win32.ActiveCfg = Release|Win32
		{5A47B26E-C515-432E-B7F1-C99AC5CC35B9}.Release|Win32.Build.0 = Release|Win32
		{5A47B26E-C515-432E-B7F1-C99AC5CC35B9}.Release|x64.ActiveCfg = Release|Win32
		{5A47B26E-C515-432E-B7F1-C99AC5CC35B9}.Release|x86.ActiveCfg = Release|Win32
		{08C12C90-4788-4CD9-B22F-81029E57C1CF}.Debug|Mixed Platforms.ActiveCfg = Debug|Win32
		{08C12C90-4788-4CD9-B22F-81029E57C1CF}.Debug|Mixed Platforms.Build.0 = Debug|Win32
		{08C12C90-4788-4CD9-B22F-81029E57C1CF}.Debug|Win32.ActiveCfg = Debug|Win32
		{08C12C90-4788-4CD9-B22F-81029E57C1CF}.Debug|Win32.Build.0 = Debug|Win32
		{08C12C90-4788-4CD9-B22F-81029E57C1CF}.Debug|x64.ActiveCfg = Debug|Win32
		{08C12C90-4788-4CD9-B22F-81029E57C1CF}.Debug|x86.ActiveCfg = Debug|Win32
		{08C12C90-4788-4CD9-B22F-81029E57C1CF}.Release|Mixed Platforms.ActiveCfg = Release|Win32
		{08C12C90-4788-4CD9-B22F-81029E57C1CF}.Release|Mixed Platforms.Build.0 = Release|Win32
		{08C12C90-4788-4CD9-B22F-81029E57C1CF}.Release|Win32.ActiveCfg = Release|Win32
		{08C12C90-4788-4CD9-B22F-81029E57C1CF}.Release|Win32.Build.0 = Release|Win32
		{08C12C90-4788-4CD9-B22F-81029E57C1CF}.Release|x64.ActiveCfg = Release|Win32
		{08C12C90-4788-4CD9-B22F-81029E57C1CF}.Release|x86.ActiveCfg = Release|Win32
		{3A3FEE4D-2B88-45E9-BB14-FBBFEDE37B8F}.Debug|Mixed Platforms.ActiveCfg = Debug|Win32
		{3A3FEE4D-2B88-45E9-BB14-FBBFEDE37B8F}.Debug|Mixed Platforms.Build.0 = Debug|Win32
		{3A3FEE4D-2B88-45E9-BB14-FBBFEDE37B8F}.Debug|Win32.ActiveCfg = Debug|Win32
		{3A3FEE4D-2B88-45E9-BB14-FBBFEDE37B8F}.Debug|Win32.Build.0 = Debug|Win32
		{3A3FEE4D-2B88-45E9-BB14-FBBFEDE37B8F}.Debug|x64.ActiveCfg = Debug|Win32
		{3A3FEE4D-2B88-45E9-BB14-FBBFEDE37B8F}.Debug|x86.ActiveCfg = Debug|Win32
		{3A3FEE4D-2B88-45E9-BB14-FBBFEDE37B8F}.Release|Mixed Platforms.ActiveCfg = Release|Win32
		{3A3FEE4D-2B88-45E9-BB14-FBBFEDE37B8F}.Release|Mixed Platforms.Build.0 = Release|Win32
		{3A3FEE4D-2B88-45E9-BB14-FBBFEDE37B8F}.Release|Win32.ActiveCfg = Release|Win32
		{3A3FEE4D-2B88-45E9-BB14-FBBFEDE37B8F}.Release|Win32.Build.0 = Release|Win32
		{3A3FEE4D-2B88-45E9-BB14-FBBFEDE37B8F}.Release|x64.ActiveCfg = Release|Win32
		{3A3FEE4D-2B88-45E9-BB14-FBBFEDE37B8F}.Release|x86.ActiveCfg = Release|Win32
		{21D8271B-5A0B-47F9-8691-6303B45798C5}.Debug|Mixed Platforms.ActiveCfg = Debug|Win32
		{21D8271B-5A0B-47F9-8691-6303B45798C5}.Debug|Mixed Platforms.Build.0 = Debug|Win32
		{21D8271B-5A0B-47F9-8691-6303B45798C5}.Debug|Win32.ActiveCfg = Debug|Win32
		{21D8271B-5A0B-47F9-8691-6303B45798C5}.Debug|Win32.Build.0 = Debug|Win32
		{21D8271B-5A0B-47F9-8691-6303B45798C5}.Debug|x64.ActiveCfg = Debug|Win32
		{21D8271B-5A0B-47F9-8691-6303B45798C5}.Debug|x86.ActiveCfg = Debug|Win32
		{21D8271B-5A0B-47F9-8691-6303B45798C5}.Debug|x86.Build.0 = Debug|Win32
		{21D8271B-5A0B-47F9-8691-6303B45798C5}.Release|Mixed Platforms.ActiveCfg = Release|Win32
		{21D8271B-5A0B-47F9-8691-6303B45798C5}.Release|Mixed Platforms.Build.0 = Release|Win32
		{21D8271B-5A0B-47F9-8691-6303B45798C5}.Release|Win32.ActiveCfg = Release|Win32
		{21D8271B-5A0B-47F9-8691-6303B45798C5}.Release|Win32.Build.0 = Release|Win32
		{21D8271B-5A0B-47F9-8691-6303B45798C5}.Release|x64.ActiveCfg = Release|Win32
		{21D8271B-5A0B-47F9-8691-6303B45798C5}.Release|x86.ActiveCfg = Release|Win32
		{21D8271B-5A0B-47F9-8691-6303B45798C5}.Release|x86.Build.0 = Release|Win32
		{71FAB458-528A-44B3-B088-45DA59D8A387}.Debug|Mixed Platforms.ActiveCfg = Debug|Win32
		{71FAB458-528A-44B3-B088-45DA59D8A387}.Debug|Mixed Platforms.Build.0 = Debug|Win32
		{71FAB458-528A-44B3-B088-45DA59D8A387}.Debug|Win32.ActiveCfg = Debug|Win32
		{71FAB458-528A-44B3-B088-45DA59D8A387}.Debug|Win32.Build.0 = Debug|Win32
		{71FAB458-528A-44B3-B088-45DA59D8A387}.Debug|x64.ActiveCfg = Debug|x64
		{71FAB458-528A-44B3-B088-45DA59D8A387}.Debug|x64.Build.0 = Debug|x64
		{71FAB458-528A-44B3-B088-45DA59D8A387}.Debug|x86.ActiveCfg = Debug|Win32
		{71FAB458-528A-44B3-B088-45DA59D8A387}.Debug|x86.Build.0 = Debug|Win32
		{71FAB458-528A-44B3-B088-45DA59D8A387}.Release|Mixed Platforms.ActiveCfg = Release|Win32
		{71FAB458-528A-44B3-B088-45DA59D8A387}.Release|Mixed Platforms.Build.0 = Release|Win32
		{71FAB458-528A-44B3-B088-45DA59D8A387}.Release|Win32.ActiveCfg = Release|Win32
		{71FAB458-528A-44B3-B088-45DA59D8A387}.Release|Win32.Build.0 = Release|Win32
		{71FAB458-528A-44B3-B088-45DA59D8A387}.Release|x64.ActiveCfg = Release|x64
		{71FAB458-528A-44B3-B088-45DA59D8A387}.Release|x64.Build.0 = Release|x64
		{71FAB458-528A-44B3-B088-45DA59D8A387}.Release|x86.ActiveCfg = Release|Win32
		{71FAB458-528A-44B3-B088-45DA59D8A387}.Release|x86.Build.0 = Release|Win32
		{63F41584-182D-4E43-B449-2C1AA7436623}.Debug|Mixed Platforms.ActiveCfg = Debug|Win32
		{63F41584-182D-4E43-B449-2C1AA7436623}.Debug|Mixed Platforms.Build.0 = Debug|Win32
		{63F41584-182D-4E43-B449-2C1AA7436623}.Debug|Win32.ActiveCfg = Debug|Win32
		{63F41584-182D-4E43-B449-2C1AA7436623}.Debug|Win32.Build.0 = Debug|Win32
		{63F41584-182D-4E43-B449-2C1AA7436623}.Debug|x64.ActiveCfg = Debug|x64
		{63F41584-182D-4E43-B449-2C1AA7436623}.Debug|x64.Build.0 = Debug|x64
		{63F41584-182D-4E43-B449-2C1AA7436623}.Debug|x86.ActiveCfg = Debug|Win32
		{63F41584-182D-4E43-B449-2C1AA7436623}.Debug|x86.Build.0 = Debug|Win32
		{63F41584-182D-4E43-B449-2C1AA7436623}.Release|Mixed Platforms.ActiveCfg = Release|Win32
		{63F41584-182D-4E43-B449-2C1AA7436623}.Release|Mixed Platforms.Build.0 = Release|Win32
		{63F41584-182D-4E43-B449-2C1AA7436623}.Release|Win32.ActiveCfg = Release|Win32
		{63F41584-182D-4E43-B449-2C1AA7436623}.Release|Win32.Build.0 = Release|Win32
		{63F41584-182D-4E43-B449-2C1AA7436623}.Release|x64.ActiveCfg = Release|x64
		{63F41584-182D-4E43-B449-2C1AA7436623}.Release|x64.Build.0 = Release|x64
		{63F41584-182D-4E43-B449-2C1AA7436623}.Release|x86.ActiveCfg = Release|Win32
		{63F41584-182D-4E43-B449-2C1AA7436623}.Release|x86.Build.0 = Release|Win32
		{BDF0087A-173A-44A6-B50F-4F74229713EE}.Debug|Mixed Platforms.ActiveCfg = Debug|Win32
		{BDF0087A-173A-44A6-B50F-4F74229713EE}.Debug|Mixed Platforms.Build.0 = Debug|Win32
		{BDF0087A-173A-44A6-B50F-4F74229713EE}.Debug|Win32.ActiveCfg = Debug|Win32
		{BDF0087A-173A-44A6-B50F-4F74229713EE}.Debug|Win32.Build.0 = Debug|Win32
		{BDF0087A-173A-44A6-B50F-4F74229713EE}.Debug|x64.ActiveCfg = Debug|x64
		{BDF0087A-173A-44A6-B50F-4F74229713EE}.Debug|x64.Build.0 = Debug|x64
		{BDF0087A-173A-44A6-B50F-4F74229713EE}.Debug|x86.ActiveCfg = Debug|Win32
		{BDF0087A-173A-44A6-B50F-4F74229713EE}.Debug|x86.Build.0 = Debug|Win32
		{BDF0087A-173A-44A6-B50F-4F74229713EE}.Release|Mixed Platforms.ActiveCfg = Release|Win32
		{BDF0087A-173A-44A6-B50F-4F74229713EE}.Release|Mixed Platforms.Build.0 = Release|Win32
		{BDF0087A-173A-44A6-B50F-4F74229713EE}.Release|Win32.ActiveCfg = Release|Win32
		{BDF0087A-173A-44A6-B50F-4F74229713EE}.Release|Win32.Build.0 = Release|Win32
		{BDF0087A-173A-44A6-B50F-4F74229713EE}.Release|x64.ActiveCfg = Release|x64
		{BDF0087A-173A-44A6-B50F-4F74229713EE}.Release|x64.Build.0 = Release|x64
		{BDF0087A-173A-44A6-B50F-4F74229713EE}.Release|x86.ActiveCfg = Release|Win32
		{BDF0087A-173A-44A6-B50F-4F74229713EE}.Release|x86.Build.0 = Release|Win32
		{92908BCC-83E0-4F26-A5F8-7FB2C0804F41}.Debug|Mixed Platforms.ActiveCfg = Debug|Win32
		{92908BCC-83E0-4F26-A5F8-7FB2C0804F41}.Debug|Mixed Platforms.Build.0 = Debug|Win32
		{92908BCC-83E0-4F26-A5F8-7FB2C0804F41}.Debug|Win32.ActiveCfg = Debug|Win32
		{92908BCC-83E0-4F26-A5F8-7FB2C0804F41}.Debug|Win32.Build.0 = Debug|Win32
		{92908BCC-83E0-4F26-A5F8-7FB2C0804F41}.Debug|x64.ActiveCfg = Debug|x64
		{92908BCC-83E0-4F26-A5F8-7FB2C0804F41}.Debug|x64.Build.0 = Debug|x64
		{92908BCC-83E0-4F26-A5F8-7FB2C0804F41}.Debug|x86.ActiveCfg = Debug|Win32
		{92908BCC-83E0-4F26-A5F8-7FB2C0804F41}.Debug|x86.Build.0 = Debug|Win32
		{92908BCC-83E0-4F26-A5F8-7FB2C0804F41}.Release|Mixed Platforms.ActiveCfg = Release|Win32
		{92908BCC-83E0-4F26-A5F8-7FB2C0804F41}.Release|Mixed Platforms.Build.0 = Release|Win32
		{92908BCC-83E0-4F26-A5F8-7FB2C0804F41}.Release|Win32.ActiveCfg = Release|Win32
		{92908BCC-83E0-4F26-A5F8-7FB2C0804F41}.Release|Win32.Build.0 = Release|Win32
		{92908BCC-83E0-4F26-A5F8-7FB2C0804F41}.Release|x64.ActiveCfg = Release|x64
		{92908BCC-83E0-4F26-A5F8-7FB2C0804F41}.Release|x64.Build.0 = Release|x64
		{92908BCC-83E0-4F26-A5F8-7FB2C0804F41}.Release|x86.ActiveCfg = Release|Win32
		{92908BCC-83E0-4F26-A5F8-7FB2C0804F41}.Release|x86.Build.0 = Release|Win32
		{2B30B6E0-7782-4233-98EE-ED34EA88EF3E}.Debug|Mixed Platforms.ActiveCfg = Debug|Win32
		{2B30B6E0-7782-4233-98EE-ED34EA88EF3E}.Debug|Mixed Platforms.Build.0 = Debug|Win32
		{2B30B6E0-7782-4233-98EE-ED34EA88EF3E}.Debug|Win32.ActiveCfg = Debug|Win32
		{2B30B6E0-7782-4233-98EE-ED34EA88EF3E}.Debug|Win32.Build.0 = Debug|Win32
		{2B30B6E0-7782-4233-98EE-ED34EA88EF3E}.Debug|x64.ActiveCfg = Debug|x64
		{2B30B6E0-7782-4233-98EE-ED34EA88EF3E}.Debug|x64.Build.0 = Debug|x64
		{2B30B6E0-7782-4233-98EE-ED34EA88EF3E}.Debug|x86.ActiveCfg = Debug|Win32
		{2B30B6E0-7782-4233-98EE-ED34EA88EF3E}.Debug|x86.Build.0 = Debug|Win32
		{2B30B6E0-7782-4233-98EE-ED34EA88EF3E}.Release|Mixed Platforms.ActiveCfg = Release|Win32
		{2B30B6E0-7782-4233-98EE-ED34EA88EF3E}.Release|Mixed Platforms.Build.0 = Release|Win32
		{2B30B6E0-7782-4233-98EE-ED34EA88EF3E}.Release|Win32.ActiveCfg = Release|Win32
		{2B30B6E0-7782-4233-98EE-ED34EA88EF3E}.Release|Win32.Build.0 = Release|Win32
		{2B30B6E0-7782-4233-98EE-ED34EA88EF3E}.Release|x64.ActiveCfg = Release|x64
		{2B30B6E0-7782-4233-98EE-ED34EA88EF3E}.Release|x64.Build.0 = Release|x64
		{2B30B6E0-7782-4233-98EE-ED34EA88EF3E}.Release|x86.ActiveCfg = Release|Win32
		{2B30B6E0-7782-4233-98EE-ED34EA88EF3E}.Release|x86.Build.0 = Release|Win32
		{FD14F07B-8A07-4924-83FF-F8144B3BB875}.Debug|Mixed Platforms.ActiveCfg = Debug|Win32
		{FD14F07B-8A07-4924-83FF-F8144B3BB875}.Debug|Mixed Platforms.Build.0 = Debug|Win32
		{FD14F07B-8A07-4924-83FF-F8144B3BB875}.Debug|Win32.ActiveCfg = Debug|Win32
		{FD14F07B-8A07-4924-83FF-F8144B3BB875}.Debug|Win32.Build.0 = Debug|Win32
		{FD14F07B-8A07-4924-83FF-F8144B3BB875}.Debug|x64.ActiveCfg = Debug|x64
		{FD14F07B-8A07-4924-83FF-F8144B3BB875}.Debug|x64.Build.0 = Debug|x64
		{FD14F07B-8A07-4924-83FF-F8144B3BB875}.Debug|x86.ActiveCfg = Debug|Win32
		{FD14F07B-8A07-4924-83FF-F8144B3BB875}.Debug|x86.Build.0 = Debug|Win32
		{FD14F07B-8A07-4924-83FF-F8144B3BB875}.Release|Mixed Platforms.ActiveCfg = Release|Win32
		{FD14F07B-8A07-4924-83FF-F8144B3BB875}.Release|Mixed Platforms.Build.0 = Release|Win32
		{FD14F07B-8A07-4924-83FF-F8144B3BB875}.Release|Win32.ActiveCfg = Release|Win32
		{FD14F07B-8A07-4924-83FF-F8144B3BB875}.Release|Win32.Build.0 = Release|Win32
		{FD14F07B-8A07-4924-83FF-F8144B3BB875}.Release|x64.ActiveCfg = Release|x64
		{FD14F07B-8A07-4924-83FF-F8144B3BB875}.Release|x64.Build.0 = Release|x64
		{FD14F07B-8A07-4924-83FF-F8144B3BB875}.Release|x86.ActiveCfg = Release|Win32
		{FD14F07B-8A07-4924-83FF-F8144B3BB875}.Release|x86.Build.0 = Release|Win32
	EndGlobalSection
	GlobalSection(SolutionProperties) = preSolution
		HideSolutionNode = FALSE
	EndGlobalSection
	GlobalSection(NestedProjects) = preSolution
		{4111D8D1-7501-489A-AD21-68701773EBD9} = {B9296F9D-9BCC-459F-9E98-8EFA10357D5D}
	EndGlobalSection
EndGlobal
